{
  "version": 4,
  "terraform_version": "1.3.9",
  "serial": 25,
  "lineage": "804dc045-e2a5-6ab3-a497-ca87be6dd7c2",
  "outputs": {
    "out_fqdn": {
      "value": "phoenix-doc.api.cosmo-platform.com",
      "type": "string"
    },
    "out_identifier_uri": {
      "value": "",
      "type": "string"
    },
    "out_ip_resource_group": {
      "value": "rg-jfo-phoenix-thecosmocompany-doc-labs",
      "type": "string"
    },
    "out_nerworkadt_name": {
      "value": "Cosmo Tech Network and ADT Doc For Cat Documentation",
      "type": "string"
    },
    "out_network_adt_password": {
      "value": "uFL8Q~VRAUsI97yYH4QGxuNpuon5EhHhQGZwncvS",
      "type": "string",
      "sensitive": true
    },
    "out_networkadt_clientid": {
      "value": "745ff011-056e-48c9-aaf2-db0d46de58ea",
      "type": "string"
    },
    "out_networkadt_sp_objectid": {
      "value": "7192436e-6d00-456d-9af6-0672b3fd31ad",
      "type": "string"
    },
    "out_platform_clientid": {
      "value": "ae43c408-d847-487b-a4f0-b36c5398015c",
      "type": "string"
    },
    "out_platform_name": {
      "value": "Cosmo Tech Platform Doc For Cat Documentation",
      "type": "string"
    },
    "out_platform_password": {
      "value": "oY68Q~7s7uKtAsSwSN_~pX6QWHsQxZta4kMJwcin",
      "type": "string",
      "sensitive": true
    },
    "out_platform_url": {
      "value": "https://phoenix-doc.api.cosmo-platform.com",
      "type": "string"
    },
    "out_powerbi_clientid": {
      "value": "a36bf53a-c9a7-4d8c-bdb0-03364155034f",
      "type": "string"
    },
    "out_powerbi_name": {
      "value": "Cosmo Tech PowerBI Doc For Cat Documentation",
      "type": "string"
    },
    "out_powerbi_password": {
      "value": "x9Y8Q~0W0ldVy~wKb-R0u7baPLxWevYJJbLcHbPD",
      "type": "string",
      "sensitive": true
    },
    "out_public_ip": {
      "value": "40.115.37.56",
      "type": "string"
    },
    "out_public_ip_name": {
      "value": "CosmoTechCatDocumentationDocPublicIP",
      "type": "string"
    },
    "out_restish_clientid": {
      "value": "1d79fc9a-1497-4c10-86d5-dbb2b795a0c0",
      "type": "string"
    },
    "out_restish_name": {
      "value": "Cosmo Tech Restish Doc For Cat Documentation",
      "type": "string"
    },
    "out_restish_password": {
      "value": "3808Q~fwGGcBwipY43XyUXT6SnfFg.b034NB1bfw",
      "type": "string",
      "sensitive": true
    },
    "out_subnet": {
      "value": "default",
      "type": "string"
    },
    "out_swagger_clientid": {
      "value": "87463b83-291c-4951-a38c-c484c6318aa2",
      "type": "string"
    },
    "out_swagger_name": {
      "value": "Cosmo Tech Swagger Doc For Cat Documentation",
      "type": "string"
    },
    "out_tenant_id": {
      "value": "",
      "type": "string"
    },
    "out_vnet": {
      "value": "CosmoTechCatDocumentationDocVNet",
      "type": "string"
    },
    "out_vnet_resource_group": {
      "value": "rg-jfo-phoenix-thecosmocompany-doc-labs",
      "type": "string"
    },
    "out_webapp_clientid": {
      "value": "cd0efae6-91af-4935-9c4d-f9a3c6426915",
      "type": "string"
    },
    "out_webapp_name": {
      "value": "Cosmo Tech Web App Doc For Cat Documentation",
      "type": "string"
    }
  },
  "resources": [
    {
      "mode": "data",
      "type": "azuread_users",
      "name": "owners",
      "provider": "provider[\"registry.terraform.io/hashicorp/azuread\"]",
      "instances": [
        {
          "schema_version": 0,
          "attributes": {
            "id": "users#xeg7-p7ezQke8rAfJHyWghpat9k=",
            "ignore_missing": false,
            "mail_nicknames": [
              "jean-charles.planchenault"
            ],
            "object_ids": [
              "260fa71d-9972-4b4b-afd9-ded1ed80488e"
            ],
            "return_all": false,
            "timeouts": null,
            "user_principal_names": [
              "jean-charles.planchenault@thecosmocompany69.qualification.cosmotech.com"
            ],
            "users": [
              {
                "account_enabled": true,
                "display_name": "Jean-Charles Planchenault",
                "mail": "",
                "mail_nickname": "jean-charles.planchenault",
                "object_id": "260fa71d-9972-4b4b-afd9-ded1ed80488e",
                "onpremises_immutable_id": "0ua6saqbwvYGcwK1q417",
                "onpremises_sam_account_name": "",
                "onpremises_user_principal_name": "",
                "usage_location": "US",
                "user_principal_name": "jean-charles.planchenault@thecosmocompany69.qualification.cosmotech.com"
              }
            ]
          },
          "sensitive_attributes": []
        }
      ]
    },
    {
      "mode": "managed",
      "type": "azuread_application",
      "name": "network_adt",
      "provider": "provider[\"registry.terraform.io/hashicorp/azuread\"]",
      "instances": [
        {
          "schema_version": 1,
          "attributes": {
            "api": [
              {
                "known_client_applications": [],
                "mapped_claims_enabled": false,
                "oauth2_permission_scope": [],
                "requested_access_token_version": 1
              }
            ],
            "app_role": [],
            "app_role_ids": {},
            "application_id": "745ff011-056e-48c9-aaf2-db0d46de58ea",
            "device_only_auth_enabled": false,
            "disabled_by_microsoft": "\u003cnil\u003e",
            "display_name": "Cosmo Tech Network and ADT Doc For Cat Documentation",
            "fallback_public_client_enabled": false,
            "feature_tags": [
              {
                "custom_single_sign_on": false,
                "enterprise": true,
                "gallery": false,
                "hide": true
              }
            ],
            "group_membership_claims": null,
            "id": "be98ac5d-1bd6-4026-b226-d3ce425242b2",
            "identifier_uris": null,
            "logo_image": "iVBORw0KGgoAAAANSUhEUgAAABAAAAAQCAYAAAAf8/9hAAAABmJLR0QA/wD/AP+gvaeTAAAACXBIWXMAAA7EAAAOxAGVKw4bAAAAB3RJTUUH4QoZDh8wl3BxCwAAAKhJREFUOMvt071qAlEUBODvyprCn8IibdjSxiZ5vjyLbV7BR7CQ9CZpFiwEF7IYkkhcb4oNqe/FThw4zYGZcwZmQtwuo3qFIBujUqFeUS24fUBMYAVOP3xUNK8KApMp94/pl9tv3p7YPet1m5j3ejwRO07PmbgKXJJAZg9C6AYFumwfv4htGvn4SXtA+BPYb1jP/+OZVKb3Nf2BwqhkfEfzkmfjZshk5hf06DB+kwtZxwAAAABJRU5ErkJggg==",
            "logo_url": "https://aadcdn.msftauthimages.net/c1c6b6c8-g0dmsrs7xlqhddy5de7aul9m-b2ju362zszygypuria/appbranding/3ulp3n9xbx0aqxlrzpimdbx9co8jydphkpbykcbhzqc/1033/bannerlogo?ts=638164722002123769",
            "marketing_url": "",
            "oauth2_permission_scope_ids": {},
            "oauth2_post_response_required": false,
            "object_id": "be98ac5d-1bd6-4026-b226-d3ce425242b2",
            "optional_claims": [
              {
                "access_token": [],
                "id_token": [],
                "saml2_token": []
              }
            ],
            "owners": [
              "260fa71d-9972-4b4b-afd9-ded1ed80488e"
            ],
            "prevent_duplicate_names": false,
            "privacy_statement_url": "",
            "public_client": [
              {
                "redirect_uris": []
              }
            ],
            "publisher_domain": "thecosmocompany69.onmicrosoft.com",
            "required_resource_access": [],
            "sign_in_audience": "AzureADMyOrg",
            "single_page_application": [
              {
                "redirect_uris": []
              }
            ],
            "support_url": "",
            "tags": [
              "Cat",
              "Doc",
              "Documentation",
              "HideApp",
              "WindowsAzureActiveDirectoryIntegratedApp",
              "terraformed"
            ],
            "template_id": "",
            "terms_of_service_url": "",
            "timeouts": null,
            "web": [
              {
                "homepage_url": "",
                "implicit_grant": [
                  {
                    "access_token_issuance_enabled": false,
                    "id_token_issuance_enabled": false
                  }
                ],
                "logout_url": "",
                "redirect_uris": []
              }
            ]
          },
          "sensitive_attributes": [],
          "private": "eyJlMmJmYjczMC1lY2FhLTExZTYtOGY4OC0zNDM2M2JjN2M0YzAiOnsiY3JlYXRlIjo2MDAwMDAwMDAwMDAsImRlbGV0ZSI6MzAwMDAwMDAwMDAwLCJyZWFkIjozMDAwMDAwMDAwMDAsInVwZGF0ZSI6NjAwMDAwMDAwMDAwfSwic2NoZW1hX3ZlcnNpb24iOiIxIn0=",
          "dependencies": [
            "data.azuread_users.owners"
          ]
        }
      ]
    },
    {
      "mode": "managed",
      "type": "azuread_application",
      "name": "platform",
      "provider": "provider[\"registry.terraform.io/hashicorp/azuread\"]",
      "instances": [
        {
          "schema_version": 1,
          "attributes": {
            "api": [
              {
                "known_client_applications": null,
                "mapped_claims_enabled": false,
                "oauth2_permission_scope": [
                  {
                    "admin_consent_description": "Allow the application to use the Cosmo Tech Platform with user account",
                    "admin_consent_display_name": "Cosmo Tech Platform Impersonate",
                    "enabled": true,
                    "id": "6332363e-bcba-4c4a-a605-c25f23117400",
                    "type": "User",
                    "user_consent_description": "Allow the application to use the Cosmo Tech Platform with your account",
                    "user_consent_display_name": "Cosmo Tech Platform Usage",
                    "value": "platform"
                  }
                ],
                "requested_access_token_version": 2
              }
            ],
            "app_role": [
              {
                "allowed_member_types": [
                  "Application",
                  "User"
                ],
                "description": "Ability to develop connectors",
                "display_name": "Connector Developer",
                "enabled": true,
                "id": "428ab58e-ab61-4621-907c-d7908be72df7",
                "value": "Connector.Developer"
              },
              {
                "allowed_member_types": [
                  "Application",
                  "User"
                ],
                "description": "Ability to read connectors",
                "display_name": "Connector Reader",
                "enabled": true,
                "id": "2cd74037-3ccd-4ab7-929d-4afce87be2e4",
                "value": "Connector.Reader"
              },
              {
                "allowed_member_types": [
                  "Application",
                  "User"
                ],
                "description": "Ability to write connectors",
                "display_name": "Connector Writer",
                "enabled": true,
                "id": "e150953f-4835-4502-b95e-81d9ce97f591",
                "value": "Connector.Writer"
              },
              {
                "allowed_member_types": [
                  "Application",
                  "User"
                ],
                "description": "Dataset Reader",
                "display_name": "Dataset Reader",
                "enabled": true,
                "id": "454dc3f5-3012-45b3-bad6-975dae94338c",
                "value": "Dataset.Reader"
              },
              {
                "allowed_member_types": [
                  "Application",
                  "User"
                ],
                "description": "Dataset Writer",
                "display_name": "Dataset Writer",
                "enabled": true,
                "id": "c6e5d483-ec2c-4710-bf0c-78b0fda611dc",
                "value": "Dataset.Writer"
              },
              {
                "allowed_member_types": [
                  "Application",
                  "User"
                ],
                "description": "Organization Administrator",
                "display_name": "Organization Admin",
                "enabled": true,
                "id": "04b96a76-d77e-4a9d-967f-c55c857c478c",
                "value": "Organization.Admin"
              },
              {
                "allowed_member_types": [
                  "Application",
                  "User"
                ],
                "description": "Organization Collaborator",
                "display_name": "Organization Collaborator",
                "enabled": true,
                "id": "6f5ec4e3-1f2d-4502-837e-5d9754ea8acb",
                "value": "Organization.Collaborator"
              },
              {
                "allowed_member_types": [
                  "Application",
                  "User"
                ],
                "description": "Organization Modeler",
                "display_name": "Organization Modeler",
                "enabled": true,
                "id": "adcdb0a1-1588-4d2b-8657-364e544ac7e1",
                "value": "Organization.Modeler"
              },
              {
                "allowed_member_types": [
                  "Application",
                  "User"
                ],
                "description": "Organization Reader",
                "display_name": "Organization Reader",
                "enabled": true,
                "id": "96213509-202a-497c-9f60-53c5f85268ec",
                "value": "Organization.Reader"
              },
              {
                "allowed_member_types": [
                  "Application",
                  "User"
                ],
                "description": "Organization User",
                "display_name": "Organization User",
                "enabled": true,
                "id": "bb9ffb73-997e-4320-8625-cfe45469aa3c",
                "value": "Organization.User"
              },
              {
                "allowed_member_types": [
                  "Application",
                  "User"
                ],
                "description": "Organization Viewer",
                "display_name": "Organization Viewer",
                "enabled": true,
                "id": "ec5fdd3c-4df0-4c2f-bdad-0495a49f6e90",
                "value": "Organization.Viewer"
              },
              {
                "allowed_member_types": [
                  "Application",
                  "User"
                ],
                "description": "Organization Writer",
                "display_name": "Organization Writer",
                "enabled": true,
                "id": "89d74995-095c-442f-bfda-06a77d3dbaa4",
                "value": "Organization.Writer"
              },
              {
                "allowed_member_types": [
                  "Application",
                  "User"
                ],
                "description": "Platform Administrator",
                "display_name": "Platform Admin",
                "enabled": true,
                "id": "bb49d61f-8b6a-4a19-b5bd-06a29d6b8e60",
                "value": "Platform.Admin"
              },
              {
                "allowed_member_types": [
                  "Application",
                  "User"
                ],
                "description": "Scenario Reader",
                "display_name": "Scenario Reader",
                "enabled": true,
                "id": "e07dab65-4200-4502-8e36-79ca687320d9",
                "value": "Scenario.Reader"
              },
              {
                "allowed_member_types": [
                  "Application",
                  "User"
                ],
                "description": "Scenario Writer",
                "display_name": "Scenario Writer",
                "enabled": true,
                "id": "8fb9d03e-c46d-4003-a2a6-34d8b506e4e7",
                "value": "Scenario.Writer"
              },
              {
                "allowed_member_types": [
                  "Application",
                  "User"
                ],
                "description": "ScenarioRun Reader",
                "display_name": "ScenarioRun Reader",
                "enabled": true,
                "id": "bdc8fe2a-73a8-477d-9efa-d8a37a4eb0f7",
                "value": "ScenarioRun.Reader"
              },
              {
                "allowed_member_types": [
                  "Application",
                  "User"
                ],
                "description": "ScenarioRun Writer",
                "display_name": "ScenarioRun Writer",
                "enabled": true,
                "id": "ca8a2a19-3e09-48cc-976b-85ec9de4f68a",
                "value": "ScenarioRun.Writer"
              },
              {
                "allowed_member_types": [
                  "Application",
                  "User"
                ],
                "description": "Solution Reader",
                "display_name": "Solution Reader",
                "enabled": true,
                "id": "cf1a8625-38d9-417b-a5b9-a27c0014e740",
                "value": "Solution.Reader"
              },
              {
                "allowed_member_types": [
                  "Application",
                  "User"
                ],
                "description": "Solution Writer",
                "display_name": "Solution Writer",
                "enabled": true,
                "id": "4f6e62a3-7f0a-4396-9620-ab465cd6577b",
                "value": "Solution.Writer"
              },
              {
                "allowed_member_types": [
                  "Application",
                  "User"
                ],
                "description": "Workspace Reader",
                "display_name": "Workspace Reader",
                "enabled": true,
                "id": "73ce2073-d918-4fe1-bc24-a4e69db07db8",
                "value": "Workspace.Reader"
              },
              {
                "allowed_member_types": [
                  "Application",
                  "User"
                ],
                "description": "Workspace Writer",
                "display_name": "Workspace Writer",
                "enabled": true,
                "id": "3f7ba86c-9940-43c8-a54d-0bfb706da136",
                "value": "Workspace.Writer"
              }
            ],
            "app_role_ids": {
              "Connector.Developer": "428ab58e-ab61-4621-907c-d7908be72df7",
              "Connector.Reader": "2cd74037-3ccd-4ab7-929d-4afce87be2e4",
              "Connector.Writer": "e150953f-4835-4502-b95e-81d9ce97f591",
              "Dataset.Reader": "454dc3f5-3012-45b3-bad6-975dae94338c",
              "Dataset.Writer": "c6e5d483-ec2c-4710-bf0c-78b0fda611dc",
              "Organization.Admin": "04b96a76-d77e-4a9d-967f-c55c857c478c",
              "Organization.Collaborator": "6f5ec4e3-1f2d-4502-837e-5d9754ea8acb",
              "Organization.Modeler": "adcdb0a1-1588-4d2b-8657-364e544ac7e1",
              "Organization.Reader": "96213509-202a-497c-9f60-53c5f85268ec",
              "Organization.User": "bb9ffb73-997e-4320-8625-cfe45469aa3c",
              "Organization.Viewer": "ec5fdd3c-4df0-4c2f-bdad-0495a49f6e90",
              "Organization.Writer": "89d74995-095c-442f-bfda-06a77d3dbaa4",
              "Platform.Admin": "bb49d61f-8b6a-4a19-b5bd-06a29d6b8e60",
              "Scenario.Reader": "e07dab65-4200-4502-8e36-79ca687320d9",
              "Scenario.Writer": "8fb9d03e-c46d-4003-a2a6-34d8b506e4e7",
              "ScenarioRun.Reader": "bdc8fe2a-73a8-477d-9efa-d8a37a4eb0f7",
              "ScenarioRun.Writer": "ca8a2a19-3e09-48cc-976b-85ec9de4f68a",
              "Solution.Reader": "cf1a8625-38d9-417b-a5b9-a27c0014e740",
              "Solution.Writer": "4f6e62a3-7f0a-4396-9620-ab465cd6577b",
              "Workspace.Reader": "73ce2073-d918-4fe1-bc24-a4e69db07db8",
              "Workspace.Writer": "3f7ba86c-9940-43c8-a54d-0bfb706da136"
            },
            "application_id": "ae43c408-d847-487b-a4f0-b36c5398015c",
            "device_only_auth_enabled": false,
            "disabled_by_microsoft": "\u003cnil\u003e",
            "display_name": "Cosmo Tech Platform Doc For Cat Documentation",
            "fallback_public_client_enabled": false,
            "feature_tags": [
              {
                "custom_single_sign_on": false,
                "enterprise": true,
                "gallery": false,
                "hide": true
              }
            ],
            "group_membership_claims": null,
            "id": "c74f3098-b411-4ffd-987c-89c8f5829374",
            "identifier_uris": null,
            "logo_image": "iVBORw0KGgoAAAANSUhEUgAAABAAAAAQCAYAAAAf8/9hAAAABmJLR0QA/wD/AP+gvaeTAAAACXBIWXMAAA7EAAAOxAGVKw4bAAAAB3RJTUUH4QoZDh8wl3BxCwAAAKhJREFUOMvt071qAlEUBODvyprCn8IibdjSxiZ5vjyLbV7BR7CQ9CZpFiwEF7IYkkhcb4oNqe/FThw4zYGZcwZmQtwuo3qFIBujUqFeUS24fUBMYAVOP3xUNK8KApMp94/pl9tv3p7YPet1m5j3ejwRO07PmbgKXJJAZg9C6AYFumwfv4htGvn4SXtA+BPYb1jP/+OZVKb3Nf2BwqhkfEfzkmfjZshk5hf06DB+kwtZxwAAAABJRU5ErkJggg==",
            "logo_url": "https://aadcdn.msftauthimages.net/c1c6b6c8-g0dmsrs7xlqhddy5de7aul9m-b2ju362zszygypuria/appbranding/y3qs86wcguqw1dgk2rnmfniy2-8kdnpudccqvl-shbw/1033/bannerlogo?ts=638164722025634694",
            "marketing_url": "",
            "oauth2_permission_scope_ids": {
              "platform": "6332363e-bcba-4c4a-a605-c25f23117400"
            },
            "oauth2_post_response_required": false,
            "object_id": "c74f3098-b411-4ffd-987c-89c8f5829374",
            "optional_claims": [
              {
                "access_token": [],
                "id_token": [],
                "saml2_token": []
              }
            ],
            "owners": [
              "260fa71d-9972-4b4b-afd9-ded1ed80488e"
            ],
            "prevent_duplicate_names": false,
            "privacy_statement_url": "",
            "public_client": [
              {
                "redirect_uris": []
              }
            ],
            "publisher_domain": "thecosmocompany69.onmicrosoft.com",
            "required_resource_access": [
              {
                "resource_access": [
                  {
                    "id": "e1fe6dd8-ba31-4d61-89e7-88639da4683d",
                    "type": "Scope"
                  }
                ],
                "resource_app_id": "00000003-0000-0000-c000-000000000000"
              }
            ],
            "sign_in_audience": "AzureADMultipleOrgs",
            "single_page_application": [
              {
                "redirect_uris": []
              }
            ],
            "support_url": "",
            "tags": [
              "Cat",
              "Doc",
              "Documentation",
              "HideApp",
              "WindowsAzureActiveDirectoryIntegratedApp",
              "terraformed"
            ],
            "template_id": "",
            "terms_of_service_url": "",
            "timeouts": null,
            "web": [
              {
                "homepage_url": "https://phoenix-doc.api.cosmo-platform.com",
                "implicit_grant": [
                  {
                    "access_token_issuance_enabled": true,
                    "id_token_issuance_enabled": true
                  }
                ],
                "logout_url": "",
                "redirect_uris": [
                  "https://phoenix-doc.api.cosmo-platform.com/swagger-ui/oauth2-redirect.html"
                ]
              }
            ]
          },
          "sensitive_attributes": [],
          "private": "eyJlMmJmYjczMC1lY2FhLTExZTYtOGY4OC0zNDM2M2JjN2M0YzAiOnsiY3JlYXRlIjo2MDAwMDAwMDAwMDAsImRlbGV0ZSI6MzAwMDAwMDAwMDAwLCJyZWFkIjozMDAwMDAwMDAwMDAsInVwZGF0ZSI6NjAwMDAwMDAwMDAwfSwic2NoZW1hX3ZlcnNpb24iOiIxIn0=",
          "dependencies": [
            "data.azuread_users.owners"
          ]
        }
      ]
    },
    {
      "mode": "managed",
      "type": "azuread_application",
      "name": "powerbi",
      "provider": "provider[\"registry.terraform.io/hashicorp/azuread\"]",
      "instances": [
        {
          "index_key": 0,
          "schema_version": 1,
          "attributes": {
            "api": [
              {
                "known_client_applications": [],
                "mapped_claims_enabled": false,
                "oauth2_permission_scope": [],
                "requested_access_token_version": 1
              }
            ],
            "app_role": [],
            "app_role_ids": {},
            "application_id": "a36bf53a-c9a7-4d8c-bdb0-03364155034f",
            "device_only_auth_enabled": false,
            "disabled_by_microsoft": "\u003cnil\u003e",
            "display_name": "Cosmo Tech PowerBI Doc For Cat Documentation",
            "fallback_public_client_enabled": false,
            "feature_tags": [
              {
                "custom_single_sign_on": false,
                "enterprise": true,
                "gallery": false,
                "hide": true
              }
            ],
            "group_membership_claims": null,
            "id": "d0257df0-794e-40d2-8133-f84312f928b1",
            "identifier_uris": null,
            "logo_image": "iVBORw0KGgoAAAANSUhEUgAAABAAAAAQCAYAAAAf8/9hAAAABmJLR0QA/wD/AP+gvaeTAAAACXBIWXMAAA7EAAAOxAGVKw4bAAAAB3RJTUUH4QoZDh8wl3BxCwAAAKhJREFUOMvt071qAlEUBODvyprCn8IibdjSxiZ5vjyLbV7BR7CQ9CZpFiwEF7IYkkhcb4oNqe/FThw4zYGZcwZmQtwuo3qFIBujUqFeUS24fUBMYAVOP3xUNK8KApMp94/pl9tv3p7YPet1m5j3ejwRO07PmbgKXJJAZg9C6AYFumwfv4htGvn4SXtA+BPYb1jP/+OZVKb3Nf2BwqhkfEfzkmfjZshk5hf06DB+kwtZxwAAAABJRU5ErkJggg==",
            "logo_url": "https://aadcdn.msftauthimages.net/c1c6b6c8-g0dmsrs7xlqhddy5de7aul9m-b2ju362zszygypuria/appbranding/wjrzlgj2-rhjewirwtfmgf4uaglz0gzwt4wep6lkhte/1033/bannerlogo?ts=638164722003345763",
            "marketing_url": "",
            "oauth2_permission_scope_ids": {},
            "oauth2_post_response_required": false,
            "object_id": "d0257df0-794e-40d2-8133-f84312f928b1",
            "optional_claims": [
              {
                "access_token": [],
                "id_token": [],
                "saml2_token": []
              }
            ],
            "owners": [
              "260fa71d-9972-4b4b-afd9-ded1ed80488e"
            ],
            "prevent_duplicate_names": false,
            "privacy_statement_url": "",
            "public_client": [
              {
                "redirect_uris": []
              }
            ],
            "publisher_domain": "thecosmocompany69.onmicrosoft.com",
            "required_resource_access": [],
            "sign_in_audience": "AzureADMyOrg",
            "single_page_application": [
              {
                "redirect_uris": []
              }
            ],
            "support_url": "",
            "tags": [
              "Cat",
              "Doc",
              "Documentation",
              "HideApp",
              "WindowsAzureActiveDirectoryIntegratedApp",
              "terraformed"
            ],
            "template_id": "",
            "terms_of_service_url": "",
            "timeouts": null,
            "web": [
              {
                "homepage_url": "",
                "implicit_grant": [
                  {
                    "access_token_issuance_enabled": false,
                    "id_token_issuance_enabled": false
                  }
                ],
                "logout_url": "",
                "redirect_uris": []
              }
            ]
          },
          "sensitive_attributes": [],
          "private": "eyJlMmJmYjczMC1lY2FhLTExZTYtOGY4OC0zNDM2M2JjN2M0YzAiOnsiY3JlYXRlIjo2MDAwMDAwMDAwMDAsImRlbGV0ZSI6MzAwMDAwMDAwMDAwLCJyZWFkIjozMDAwMDAwMDAwMDAsInVwZGF0ZSI6NjAwMDAwMDAwMDAwfSwic2NoZW1hX3ZlcnNpb24iOiIxIn0=",
          "dependencies": [
            "data.azuread_users.owners"
          ]
        }
      ]
    },
    {
      "mode": "managed",
      "type": "azuread_application",
      "name": "restish",
      "provider": "provider[\"registry.terraform.io/hashicorp/azuread\"]",
      "instances": [
        {
          "index_key": 0,
          "schema_version": 1,
          "attributes": {
            "api": [
              {
                "known_client_applications": [],
                "mapped_claims_enabled": false,
                "oauth2_permission_scope": [],
                "requested_access_token_version": 1
              }
            ],
            "app_role": [],
            "app_role_ids": {},
            "application_id": "1d79fc9a-1497-4c10-86d5-dbb2b795a0c0",
            "device_only_auth_enabled": false,
            "disabled_by_microsoft": "\u003cnil\u003e",
            "display_name": "Cosmo Tech Restish Doc For Cat Documentation",
            "fallback_public_client_enabled": false,
            "feature_tags": [
              {
                "custom_single_sign_on": false,
                "enterprise": true,
                "gallery": false,
                "hide": true
              }
            ],
            "group_membership_claims": null,
            "id": "adb0d9a0-7e63-4e69-8fbf-ed2a3d466a21",
            "identifier_uris": null,
            "logo_image": "iVBORw0KGgoAAAANSUhEUgAAABAAAAAQCAYAAAAf8/9hAAAABmJLR0QA/wD/AP+gvaeTAAAACXBIWXMAAA7EAAAOxAGVKw4bAAAAB3RJTUUH4QoZDh8wl3BxCwAAAKhJREFUOMvt071qAlEUBODvyprCn8IibdjSxiZ5vjyLbV7BR7CQ9CZpFiwEF7IYkkhcb4oNqe/FThw4zYGZcwZmQtwuo3qFIBujUqFeUS24fUBMYAVOP3xUNK8KApMp94/pl9tv3p7YPet1m5j3ejwRO07PmbgKXJJAZg9C6AYFumwfv4htGvn4SXtA+BPYb1jP/+OZVKb3Nf2BwqhkfEfzkmfjZshk5hf06DB+kwtZxwAAAABJRU5ErkJggg==",
            "logo_url": "https://aadcdn.msftauthimages.net/c1c6b6c8-g0dmsrs7xlqhddy5de7aul9m-b2ju362zszygypuria/appbranding/whxqhjhq6i00dokhazmilaafhmbz-kxigvj-vbw9mc0/1033/bannerlogo?ts=638164722051044565",
            "marketing_url": "",
            "oauth2_permission_scope_ids": {},
            "oauth2_post_response_required": false,
            "object_id": "adb0d9a0-7e63-4e69-8fbf-ed2a3d466a21",
            "optional_claims": [
              {
                "access_token": [],
                "id_token": [],
                "saml2_token": []
              }
            ],
            "owners": [
              "260fa71d-9972-4b4b-afd9-ded1ed80488e"
            ],
            "prevent_duplicate_names": false,
            "privacy_statement_url": "",
            "public_client": [
              {
                "redirect_uris": []
              }
            ],
            "publisher_domain": "thecosmocompany69.onmicrosoft.com",
            "required_resource_access": [
              {
                "resource_access": [
                  {
                    "id": "6332363e-bcba-4c4a-a605-c25f23117400",
                    "type": "Scope"
                  }
                ],
                "resource_app_id": "ae43c408-d847-487b-a4f0-b36c5398015c"
              },
              {
                "resource_access": [
                  {
                    "id": "e1fe6dd8-ba31-4d61-89e7-88639da4683d",
                    "type": "Scope"
                  }
                ],
                "resource_app_id": "00000003-0000-0000-c000-000000000000"
              }
            ],
            "sign_in_audience": "AzureADMultipleOrgs",
            "single_page_application": [
              {
                "redirect_uris": []
              }
            ],
            "support_url": "",
            "tags": [
              "Cat",
              "Doc",
              "Documentation",
              "HideApp",
              "WindowsAzureActiveDirectoryIntegratedApp",
              "terraformed"
            ],
            "template_id": "",
            "terms_of_service_url": "",
            "timeouts": null,
            "web": [
              {
                "homepage_url": "https://phoenix-doc.api.cosmo-platform.com",
                "implicit_grant": [
                  {
                    "access_token_issuance_enabled": true,
                    "id_token_issuance_enabled": true
                  }
                ],
                "logout_url": "",
                "redirect_uris": [
                  "http://localhost:8484/"
                ]
              }
            ]
          },
          "sensitive_attributes": [],
          "private": "eyJlMmJmYjczMC1lY2FhLTExZTYtOGY4OC0zNDM2M2JjN2M0YzAiOnsiY3JlYXRlIjo2MDAwMDAwMDAwMDAsImRlbGV0ZSI6MzAwMDAwMDAwMDAwLCJyZWFkIjozMDAwMDAwMDAwMDAsInVwZGF0ZSI6NjAwMDAwMDAwMDAwfSwic2NoZW1hX3ZlcnNpb24iOiIxIn0=",
          "dependencies": [
            "azuread_application.platform",
            "data.azuread_users.owners"
          ]
        }
      ]
    },
    {
      "mode": "managed",
      "type": "azuread_application",
      "name": "swagger",
      "provider": "provider[\"registry.terraform.io/hashicorp/azuread\"]",
      "instances": [
        {
          "schema_version": 1,
          "attributes": {
            "api": [
              {
                "known_client_applications": [],
                "mapped_claims_enabled": false,
                "oauth2_permission_scope": [],
                "requested_access_token_version": 1
              }
            ],
            "app_role": [],
            "app_role_ids": {},
            "application_id": "87463b83-291c-4951-a38c-c484c6318aa2",
            "device_only_auth_enabled": false,
            "disabled_by_microsoft": "\u003cnil\u003e",
            "display_name": "Cosmo Tech Swagger Doc For Cat Documentation",
            "fallback_public_client_enabled": false,
            "feature_tags": [
              {
                "custom_single_sign_on": false,
                "enterprise": true,
                "gallery": false,
                "hide": true
              }
            ],
            "group_membership_claims": null,
            "id": "9ef69df4-b555-450d-916e-beab04612c5f",
            "identifier_uris": null,
            "logo_image": "iVBORw0KGgoAAAANSUhEUgAAABAAAAAQCAYAAAAf8/9hAAAABmJLR0QA/wD/AP+gvaeTAAAACXBIWXMAAA7EAAAOxAGVKw4bAAAAB3RJTUUH4QoZDh8wl3BxCwAAAKhJREFUOMvt071qAlEUBODvyprCn8IibdjSxiZ5vjyLbV7BR7CQ9CZpFiwEF7IYkkhcb4oNqe/FThw4zYGZcwZmQtwuo3qFIBujUqFeUS24fUBMYAVOP3xUNK8KApMp94/pl9tv3p7YPet1m5j3ejwRO07PmbgKXJJAZg9C6AYFumwfv4htGvn4SXtA+BPYb1jP/+OZVKb3Nf2BwqhkfEfzkmfjZshk5hf06DB+kwtZxwAAAABJRU5ErkJggg==",
            "logo_url": "https://aadcdn.msftauthimages.net/c1c6b6c8-g0dmsrs7xlqhddy5de7aul9m-b2ju362zszygypuria/appbranding/2dmyw9xczb5m5hnvuesaqh3pti-w6x71xqoyilisoka/1033/bannerlogo?ts=638164722066597347",
            "marketing_url": "",
            "oauth2_permission_scope_ids": {},
            "oauth2_post_response_required": false,
            "object_id": "9ef69df4-b555-450d-916e-beab04612c5f",
            "optional_claims": [
              {
                "access_token": [],
                "id_token": [],
                "saml2_token": []
              }
            ],
            "owners": [
              "260fa71d-9972-4b4b-afd9-ded1ed80488e"
            ],
            "prevent_duplicate_names": false,
            "privacy_statement_url": "",
            "public_client": [
              {
                "redirect_uris": []
              }
            ],
            "publisher_domain": "thecosmocompany69.onmicrosoft.com",
            "required_resource_access": [
              {
                "resource_access": [
                  {
                    "id": "6332363e-bcba-4c4a-a605-c25f23117400",
                    "type": "Scope"
                  }
                ],
                "resource_app_id": "ae43c408-d847-487b-a4f0-b36c5398015c"
              },
              {
                "resource_access": [
                  {
                    "id": "e1fe6dd8-ba31-4d61-89e7-88639da4683d",
                    "type": "Scope"
                  }
                ],
                "resource_app_id": "00000003-0000-0000-c000-000000000000"
              }
            ],
            "sign_in_audience": "AzureADMultipleOrgs",
            "single_page_application": [
              {
                "redirect_uris": []
              }
            ],
            "support_url": "",
            "tags": [
              "Cat",
              "Doc",
              "Documentation",
              "HideApp",
              "WindowsAzureActiveDirectoryIntegratedApp",
              "terraformed"
            ],
            "template_id": "",
            "terms_of_service_url": "",
            "timeouts": null,
            "web": [
              {
                "homepage_url": "https://phoenix-doc.api.cosmo-platform.com",
                "implicit_grant": [
                  {
                    "access_token_issuance_enabled": true,
                    "id_token_issuance_enabled": true
                  }
                ],
                "logout_url": "",
                "redirect_uris": [
                  "https://phoenix-doc.api.cosmo-platform.com/swagger-ui/oauth2-redirect.html"
                ]
              }
            ]
          },
          "sensitive_attributes": [],
          "private": "eyJlMmJmYjczMC1lY2FhLTExZTYtOGY4OC0zNDM2M2JjN2M0YzAiOnsiY3JlYXRlIjo2MDAwMDAwMDAwMDAsImRlbGV0ZSI6MzAwMDAwMDAwMDAwLCJyZWFkIjozMDAwMDAwMDAwMDAsInVwZGF0ZSI6NjAwMDAwMDAwMDAwfSwic2NoZW1hX3ZlcnNpb24iOiIxIn0=",
          "dependencies": [
            "azuread_application.platform",
            "data.azuread_users.owners"
          ]
        }
      ]
    },
    {
      "mode": "managed",
      "type": "azuread_application",
      "name": "webapp",
      "provider": "provider[\"registry.terraform.io/hashicorp/azuread\"]",
      "instances": [
        {
          "schema_version": 1,
          "attributes": {
            "api": [
              {
                "known_client_applications": [],
                "mapped_claims_enabled": false,
                "oauth2_permission_scope": [],
                "requested_access_token_version": 1
              }
            ],
            "app_role": [],
            "app_role_ids": {},
            "application_id": "cd0efae6-91af-4935-9c4d-f9a3c6426915",
            "device_only_auth_enabled": false,
            "disabled_by_microsoft": "\u003cnil\u003e",
            "display_name": "Cosmo Tech Web App Doc For Cat Documentation",
            "fallback_public_client_enabled": false,
            "feature_tags": [
              {
                "custom_single_sign_on": false,
                "enterprise": true,
                "gallery": false,
                "hide": true
              }
            ],
            "group_membership_claims": null,
            "id": "f359f24a-44df-4244-8a84-37712943ea60",
            "identifier_uris": null,
            "logo_image": "iVBORw0KGgoAAAANSUhEUgAAABAAAAAQCAYAAAAf8/9hAAAABmJLR0QA/wD/AP+gvaeTAAAACXBIWXMAAA7EAAAOxAGVKw4bAAAAB3RJTUUH4QoZDh8wl3BxCwAAAKhJREFUOMvt071qAlEUBODvyprCn8IibdjSxiZ5vjyLbV7BR7CQ9CZpFiwEF7IYkkhcb4oNqe/FThw4zYGZcwZmQtwuo3qFIBujUqFeUS24fUBMYAVOP3xUNK8KApMp94/pl9tv3p7YPet1m5j3ejwRO07PmbgKXJJAZg9C6AYFumwfv4htGvn4SXtA+BPYb1jP/+OZVKb3Nf2BwqhkfEfzkmfjZshk5hf06DB+kwtZxwAAAABJRU5ErkJggg==",
            "logo_url": "https://aadcdn.msftauthimages.net/c1c6b6c8-g0dmsrs7xlqhddy5de7aul9m-b2ju362zszygypuria/appbranding/eolr-mfulzgcksn88du1qxhkoj65dytd-qvfzdmetyq/1033/bannerlogo?ts=638164722070506382",
            "marketing_url": "",
            "oauth2_permission_scope_ids": {},
            "oauth2_post_response_required": false,
            "object_id": "f359f24a-44df-4244-8a84-37712943ea60",
            "optional_claims": [
              {
                "access_token": [],
                "id_token": [],
                "saml2_token": []
              }
            ],
            "owners": [
              "260fa71d-9972-4b4b-afd9-ded1ed80488e"
            ],
            "prevent_duplicate_names": false,
            "privacy_statement_url": "",
            "public_client": [
              {
                "redirect_uris": []
              }
            ],
            "publisher_domain": "thecosmocompany69.onmicrosoft.com",
            "required_resource_access": [
              {
                "resource_access": [
                  {
                    "id": "6332363e-bcba-4c4a-a605-c25f23117400",
                    "type": "Scope"
                  }
                ],
                "resource_app_id": "ae43c408-d847-487b-a4f0-b36c5398015c"
              },
              {
                "resource_access": [
                  {
                    "id": "e1fe6dd8-ba31-4d61-89e7-88639da4683d",
                    "type": "Scope"
                  }
                ],
                "resource_app_id": "00000003-0000-0000-c000-000000000000"
              }
            ],
            "sign_in_audience": "AzureADMultipleOrgs",
            "single_page_application": [
              {
                "redirect_uris": [
                  "http://localhost:3000/scenario",
                  "https://webapp.api.cosmo-platform.com/platform",
                  "https://webapp.api.cosmo-platform.com/sign-in"
                ]
              }
            ],
            "support_url": "",
            "tags": [
              "Cat",
              "Doc",
              "Documentation",
              "HideApp",
              "WindowsAzureActiveDirectoryIntegratedApp",
              "terraformed"
            ],
            "template_id": "",
            "terms_of_service_url": "",
            "timeouts": null,
            "web": [
              {
                "homepage_url": "",
                "implicit_grant": [
                  {
                    "access_token_issuance_enabled": false,
                    "id_token_issuance_enabled": false
                  }
                ],
                "logout_url": "",
                "redirect_uris": []
              }
            ]
          },
          "sensitive_attributes": [],
          "private": "eyJlMmJmYjczMC1lY2FhLTExZTYtOGY4OC0zNDM2M2JjN2M0YzAiOnsiY3JlYXRlIjo2MDAwMDAwMDAwMDAsImRlbGV0ZSI6MzAwMDAwMDAwMDAwLCJyZWFkIjozMDAwMDAwMDAwMDAsInVwZGF0ZSI6NjAwMDAwMDAwMDAwfSwic2NoZW1hX3ZlcnNpb24iOiIxIn0=",
          "dependencies": [
            "azuread_application.platform",
            "data.azuread_users.owners"
          ]
        }
      ]
    },
    {
      "mode": "managed",
      "type": "azuread_application_password",
      "name": "network_adt_password",
      "provider": "provider[\"registry.terraform.io/hashicorp/azuread\"]",
      "instances": [
        {
          "index_key": 0,
          "schema_version": 1,
          "attributes": {
            "application_object_id": "be98ac5d-1bd6-4026-b226-d3ce425242b2",
            "display_name": "network_adt_secret",
            "end_date": "2023-10-10T13:50:00Z",
            "end_date_relative": "4464h",
            "id": "be98ac5d-1bd6-4026-b226-d3ce425242b2/password/c26039e8-9e99-4c02-a74d-e9c66e416f1c",
            "key_id": "c26039e8-9e99-4c02-a74d-e9c66e416f1c",
            "rotate_when_changed": null,
            "start_date": "2023-04-07T13:50:00Z",
            "timeouts": null,
            "value": "uFL8Q~VRAUsI97yYH4QGxuNpuon5EhHhQGZwncvS"
          },
          "sensitive_attributes": [],
          "private": "eyJlMmJmYjczMC1lY2FhLTExZTYtOGY4OC0zNDM2M2JjN2M0YzAiOnsiY3JlYXRlIjo5MDAwMDAwMDAwMDAsImRlbGV0ZSI6MzAwMDAwMDAwMDAwLCJyZWFkIjozMDAwMDAwMDAwMDAsInVwZGF0ZSI6MzAwMDAwMDAwMDAwfSwic2NoZW1hX3ZlcnNpb24iOiIxIn0=",
          "dependencies": [
            "azuread_application.network_adt",
            "data.azuread_users.owners"
          ]
        }
      ]
    },
    {
      "mode": "managed",
      "type": "azuread_application_password",
      "name": "platform_password",
      "provider": "provider[\"registry.terraform.io/hashicorp/azuread\"]",
      "instances": [
        {
          "index_key": 0,
          "schema_version": 1,
          "attributes": {
            "application_object_id": "c74f3098-b411-4ffd-987c-89c8f5829374",
            "display_name": "platform_secret",
            "end_date": "2023-10-10T13:50:03Z",
            "end_date_relative": "4464h",
            "id": "c74f3098-b411-4ffd-987c-89c8f5829374/password/ebc8e3d6-6837-4db9-85b8-7300c791801a",
            "key_id": "ebc8e3d6-6837-4db9-85b8-7300c791801a",
            "rotate_when_changed": null,
            "start_date": "2023-04-07T13:50:03Z",
            "timeouts": null,
            "value": "oY68Q~7s7uKtAsSwSN_~pX6QWHsQxZta4kMJwcin"
          },
          "sensitive_attributes": [],
          "private": "eyJlMmJmYjczMC1lY2FhLTExZTYtOGY4OC0zNDM2M2JjN2M0YzAiOnsiY3JlYXRlIjo5MDAwMDAwMDAwMDAsImRlbGV0ZSI6MzAwMDAwMDAwMDAwLCJyZWFkIjozMDAwMDAwMDAwMDAsInVwZGF0ZSI6MzAwMDAwMDAwMDAwfSwic2NoZW1hX3ZlcnNpb24iOiIxIn0=",
          "dependencies": [
            "azuread_application.platform",
            "data.azuread_users.owners"
          ]
        }
      ]
    },
    {
      "mode": "managed",
      "type": "azuread_application_password",
      "name": "powerbi_password",
      "provider": "provider[\"registry.terraform.io/hashicorp/azuread\"]",
      "instances": [
        {
          "index_key": 0,
          "schema_version": 1,
          "attributes": {
            "application_object_id": "d0257df0-794e-40d2-8133-f84312f928b1",
            "display_name": "powerbi_secret",
            "end_date": "2023-10-10T13:50:00Z",
            "end_date_relative": "4464h",
            "id": "d0257df0-794e-40d2-8133-f84312f928b1/password/a7761192-8515-4bc5-ba23-90b1d9b4a383",
            "key_id": "a7761192-8515-4bc5-ba23-90b1d9b4a383",
            "rotate_when_changed": null,
            "start_date": "2023-04-07T13:50:01Z",
            "timeouts": null,
            "value": "x9Y8Q~0W0ldVy~wKb-R0u7baPLxWevYJJbLcHbPD"
          },
          "sensitive_attributes": [],
          "private": "eyJlMmJmYjczMC1lY2FhLTExZTYtOGY4OC0zNDM2M2JjN2M0YzAiOnsiY3JlYXRlIjo5MDAwMDAwMDAwMDAsImRlbGV0ZSI6MzAwMDAwMDAwMDAwLCJyZWFkIjozMDAwMDAwMDAwMDAsInVwZGF0ZSI6MzAwMDAwMDAwMDAwfSwic2NoZW1hX3ZlcnNpb24iOiIxIn0=",
          "dependencies": [
            "azuread_application.powerbi",
            "data.azuread_users.owners"
          ]
        }
      ]
    },
    {
      "mode": "managed",
      "type": "azuread_application_password",
      "name": "restish_password",
      "provider": "provider[\"registry.terraform.io/hashicorp/azuread\"]",
      "instances": [
        {
          "index_key": 0,
          "schema_version": 1,
          "attributes": {
            "application_object_id": "adb0d9a0-7e63-4e69-8fbf-ed2a3d466a21",
            "display_name": "restish_secret",
            "end_date": "2023-10-10T13:50:05Z",
            "end_date_relative": "4464h",
            "id": "adb0d9a0-7e63-4e69-8fbf-ed2a3d466a21/password/d75cf655-e4e8-4277-aa79-afe1f0524c4f",
            "key_id": "d75cf655-e4e8-4277-aa79-afe1f0524c4f",
            "rotate_when_changed": null,
            "start_date": "2023-04-07T13:50:05Z",
            "timeouts": null,
            "value": "3808Q~fwGGcBwipY43XyUXT6SnfFg.b034NB1bfw"
          },
          "sensitive_attributes": [],
          "private": "eyJlMmJmYjczMC1lY2FhLTExZTYtOGY4OC0zNDM2M2JjN2M0YzAiOnsiY3JlYXRlIjo5MDAwMDAwMDAwMDAsImRlbGV0ZSI6MzAwMDAwMDAwMDAwLCJyZWFkIjozMDAwMDAwMDAwMDAsInVwZGF0ZSI6MzAwMDAwMDAwMDAwfSwic2NoZW1hX3ZlcnNpb24iOiIxIn0=",
          "dependencies": [
            "azuread_application.platform",
            "azuread_application.restish",
            "data.azuread_users.owners"
          ]
        }
      ]
    },
    {
      "mode": "managed",
      "type": "azuread_group",
      "name": "platform_group",
      "provider": "provider[\"registry.terraform.io/hashicorp/azuread\"]",
      "instances": [
        {
          "schema_version": 0,
          "attributes": {
            "assignable_to_role": false,
            "behaviors": null,
            "description": "",
            "display_name": "Cosmotech-Platform-Cat-Documentation-Doc",
            "dynamic_membership": [],
            "id": "eac75f70-63a7-4b9b-adf4-bc2f26ef22cd",
            "mail": "",
            "mail_enabled": false,
            "mail_nickname": "3da1c320-3",
            "members": [
              "260fa71d-9972-4b4b-afd9-ded1ed80488e"
            ],
            "object_id": "eac75f70-63a7-4b9b-adf4-bc2f26ef22cd",
            "onpremises_domain_name": "",
            "onpremises_netbios_name": "",
            "onpremises_sam_account_name": "",
            "onpremises_security_identifier": "",
            "onpremises_sync_enabled": false,
            "owners": [
              "260fa71d-9972-4b4b-afd9-ded1ed80488e"
            ],
            "preferred_language": "",
            "prevent_duplicate_names": false,
            "provisioning_options": null,
            "proxy_addresses": [],
            "security_enabled": true,
            "theme": "",
            "timeouts": null,
            "types": null,
            "visibility": ""
          },
          "sensitive_attributes": [],
          "private": "eyJlMmJmYjczMC1lY2FhLTExZTYtOGY4OC0zNDM2M2JjN2M0YzAiOnsiY3JlYXRlIjoxMjAwMDAwMDAwMDAwLCJkZWxldGUiOjMwMDAwMDAwMDAwMCwicmVhZCI6MzAwMDAwMDAwMDAwLCJ1cGRhdGUiOjEyMDAwMDAwMDAwMDB9fQ==",
          "dependencies": [
            "data.azuread_users.owners"
          ]
        }
      ]
    },
    {
      "mode": "managed",
      "type": "azuread_service_principal",
      "name": "network_adt",
      "provider": "provider[\"registry.terraform.io/hashicorp/azuread\"]",
      "instances": [
        {
          "schema_version": 0,
          "attributes": {
            "account_enabled": true,
            "alternative_names": null,
            "app_role_assignment_required": false,
            "app_role_ids": {},
            "app_roles": [],
            "application_id": "745ff011-056e-48c9-aaf2-db0d46de58ea",
            "application_tenant_id": "e9641c78-d0d6-4d09-af63-168922724e7f",
            "description": "",
            "display_name": "Cosmo Tech Network and ADT Doc For Cat Documentation",
            "feature_tags": [
              {
                "custom_single_sign_on": false,
                "enterprise": true,
                "gallery": false,
                "hide": true
              }
            ],
            "features": [
              {
                "custom_single_sign_on_app": false,
                "enterprise_application": true,
                "gallery_application": false,
                "visible_to_users": false
              }
            ],
            "homepage_url": "",
            "id": "7192436e-6d00-456d-9af6-0672b3fd31ad",
            "login_url": "",
            "logout_url": "",
            "notes": "",
            "notification_email_addresses": null,
            "oauth2_permission_scope_ids": {},
            "oauth2_permission_scopes": [],
            "object_id": "7192436e-6d00-456d-9af6-0672b3fd31ad",
            "owners": null,
            "preferred_single_sign_on_mode": "",
            "redirect_uris": [],
            "saml_metadata_url": "",
            "saml_single_sign_on": [
              {
                "relay_state": ""
              }
            ],
            "service_principal_names": [],
            "sign_in_audience": "AzureADMyOrg",
            "tags": [
              "Cat",
              "Doc",
              "Documentation",
              "HideApp",
              "WindowsAzureActiveDirectoryIntegratedApp",
              "cosmotech",
              "terraformed"
            ],
            "timeouts": null,
            "type": "Application",
            "use_existing": null
          },
          "sensitive_attributes": [],
          "private": "eyJlMmJmYjczMC1lY2FhLTExZTYtOGY4OC0zNDM2M2JjN2M0YzAiOnsiY3JlYXRlIjo2MDAwMDAwMDAwMDAsImRlbGV0ZSI6MzAwMDAwMDAwMDAwLCJyZWFkIjozMDAwMDAwMDAwMDAsInVwZGF0ZSI6NjAwMDAwMDAwMDAwfX0=",
          "dependencies": [
            "azuread_application.network_adt",
            "azuread_application.platform",
            "azuread_service_principal.platform",
            "data.azuread_users.owners"
          ]
        }
      ]
    },
    {
      "mode": "managed",
      "type": "azuread_service_principal",
      "name": "platform",
      "provider": "provider[\"registry.terraform.io/hashicorp/azuread\"]",
      "instances": [
        {
          "schema_version": 0,
          "attributes": {
            "account_enabled": true,
            "alternative_names": null,
            "app_role_assignment_required": true,
            "app_role_ids": {
              "Connector.Developer": "428ab58e-ab61-4621-907c-d7908be72df7",
              "Connector.Reader": "2cd74037-3ccd-4ab7-929d-4afce87be2e4",
              "Connector.Writer": "e150953f-4835-4502-b95e-81d9ce97f591",
              "Dataset.Reader": "454dc3f5-3012-45b3-bad6-975dae94338c",
              "Dataset.Writer": "c6e5d483-ec2c-4710-bf0c-78b0fda611dc",
              "Organization.Admin": "04b96a76-d77e-4a9d-967f-c55c857c478c",
              "Organization.Collaborator": "6f5ec4e3-1f2d-4502-837e-5d9754ea8acb",
              "Organization.Modeler": "adcdb0a1-1588-4d2b-8657-364e544ac7e1",
              "Organization.Reader": "96213509-202a-497c-9f60-53c5f85268ec",
              "Organization.User": "bb9ffb73-997e-4320-8625-cfe45469aa3c",
              "Organization.Viewer": "ec5fdd3c-4df0-4c2f-bdad-0495a49f6e90",
              "Organization.Writer": "89d74995-095c-442f-bfda-06a77d3dbaa4",
              "Platform.Admin": "bb49d61f-8b6a-4a19-b5bd-06a29d6b8e60",
              "Scenario.Reader": "e07dab65-4200-4502-8e36-79ca687320d9",
              "Scenario.Writer": "8fb9d03e-c46d-4003-a2a6-34d8b506e4e7",
              "ScenarioRun.Reader": "bdc8fe2a-73a8-477d-9efa-d8a37a4eb0f7",
              "ScenarioRun.Writer": "ca8a2a19-3e09-48cc-976b-85ec9de4f68a",
              "Solution.Reader": "cf1a8625-38d9-417b-a5b9-a27c0014e740",
              "Solution.Writer": "4f6e62a3-7f0a-4396-9620-ab465cd6577b",
              "Workspace.Reader": "73ce2073-d918-4fe1-bc24-a4e69db07db8",
              "Workspace.Writer": "3f7ba86c-9940-43c8-a54d-0bfb706da136"
            },
            "app_roles": [
              {
                "allowed_member_types": [
                  "Application",
                  "User"
                ],
                "description": "Organization Modeler",
                "display_name": "Organization Modeler",
                "enabled": true,
                "id": "adcdb0a1-1588-4d2b-8657-364e544ac7e1",
                "value": "Organization.Modeler"
              },
              {
                "allowed_member_types": [
                  "Application",
                  "User"
                ],
                "description": "ScenarioRun Writer",
                "display_name": "ScenarioRun Writer",
                "enabled": true,
                "id": "ca8a2a19-3e09-48cc-976b-85ec9de4f68a",
                "value": "ScenarioRun.Writer"
              },
              {
                "allowed_member_types": [
                  "Application",
                  "User"
                ],
                "description": "Organization Administrator",
                "display_name": "Organization Admin",
                "enabled": true,
                "id": "04b96a76-d77e-4a9d-967f-c55c857c478c",
                "value": "Organization.Admin"
              },
              {
                "allowed_member_types": [
                  "Application",
                  "User"
                ],
                "description": "Scenario Reader",
                "display_name": "Scenario Reader",
                "enabled": true,
                "id": "e07dab65-4200-4502-8e36-79ca687320d9",
                "value": "Scenario.Reader"
              },
              {
                "allowed_member_types": [
                  "Application",
                  "User"
                ],
                "description": "Organization Writer",
                "display_name": "Organization Writer",
                "enabled": true,
                "id": "89d74995-095c-442f-bfda-06a77d3dbaa4",
                "value": "Organization.Writer"
              },
              {
                "allowed_member_types": [
                  "Application",
                  "User"
                ],
                "description": "Workspace Reader",
                "display_name": "Workspace Reader",
                "enabled": true,
                "id": "73ce2073-d918-4fe1-bc24-a4e69db07db8",
                "value": "Workspace.Reader"
              },
              {
                "allowed_member_types": [
                  "Application",
                  "User"
                ],
                "description": "Scenario Writer",
                "display_name": "Scenario Writer",
                "enabled": true,
                "id": "8fb9d03e-c46d-4003-a2a6-34d8b506e4e7",
                "value": "Scenario.Writer"
              },
              {
                "allowed_member_types": [
                  "Application",
                  "User"
                ],
                "description": "Dataset Reader",
                "display_name": "Dataset Reader",
                "enabled": true,
                "id": "454dc3f5-3012-45b3-bad6-975dae94338c",
                "value": "Dataset.Reader"
              },
              {
                "allowed_member_types": [
                  "Application",
                  "User"
                ],
                "description": "Organization Viewer",
                "display_name": "Organization Viewer",
                "enabled": true,
                "id": "ec5fdd3c-4df0-4c2f-bdad-0495a49f6e90",
                "value": "Organization.Viewer"
              },
              {
                "allowed_member_types": [
                  "Application",
                  "User"
                ],
                "description": "Ability to write connectors",
                "display_name": "Connector Writer",
                "enabled": true,
                "id": "e150953f-4835-4502-b95e-81d9ce97f591",
                "value": "Connector.Writer"
              },
              {
                "allowed_member_types": [
                  "Application",
                  "User"
                ],
                "description": "Solution Writer",
                "display_name": "Solution Writer",
                "enabled": true,
                "id": "4f6e62a3-7f0a-4396-9620-ab465cd6577b",
                "value": "Solution.Writer"
              },
              {
                "allowed_member_types": [
                  "Application",
                  "User"
                ],
                "description": "Organization Collaborator",
                "display_name": "Organization Collaborator",
                "enabled": true,
                "id": "6f5ec4e3-1f2d-4502-837e-5d9754ea8acb",
                "value": "Organization.Collaborator"
              },
              {
                "allowed_member_types": [
                  "Application",
                  "User"
                ],
                "description": "Solution Reader",
                "display_name": "Solution Reader",
                "enabled": true,
                "id": "cf1a8625-38d9-417b-a5b9-a27c0014e740",
                "value": "Solution.Reader"
              },
              {
                "allowed_member_types": [
                  "Application",
                  "User"
                ],
                "description": "Platform Administrator",
                "display_name": "Platform Admin",
                "enabled": true,
                "id": "bb49d61f-8b6a-4a19-b5bd-06a29d6b8e60",
                "value": "Platform.Admin"
              },
              {
                "allowed_member_types": [
                  "Application",
                  "User"
                ],
                "description": "Organization User",
                "display_name": "Organization User",
                "enabled": true,
                "id": "bb9ffb73-997e-4320-8625-cfe45469aa3c",
                "value": "Organization.User"
              },
              {
                "allowed_member_types": [
                  "Application",
                  "User"
                ],
                "description": "Workspace Writer",
                "display_name": "Workspace Writer",
                "enabled": true,
                "id": "3f7ba86c-9940-43c8-a54d-0bfb706da136",
                "value": "Workspace.Writer"
              },
              {
                "allowed_member_types": [
                  "Application",
                  "User"
                ],
                "description": "Ability to read connectors",
                "display_name": "Connector Reader",
                "enabled": true,
                "id": "2cd74037-3ccd-4ab7-929d-4afce87be2e4",
                "value": "Connector.Reader"
              },
              {
                "allowed_member_types": [
                  "Application",
                  "User"
                ],
                "description": "Organization Reader",
                "display_name": "Organization Reader",
                "enabled": true,
                "id": "96213509-202a-497c-9f60-53c5f85268ec",
                "value": "Organization.Reader"
              },
              {
                "allowed_member_types": [
                  "Application",
                  "User"
                ],
                "description": "Ability to develop connectors",
                "display_name": "Connector Developer",
                "enabled": true,
                "id": "428ab58e-ab61-4621-907c-d7908be72df7",
                "value": "Connector.Developer"
              },
              {
                "allowed_member_types": [
                  "Application",
                  "User"
                ],
                "description": "ScenarioRun Reader",
                "display_name": "ScenarioRun Reader",
                "enabled": true,
                "id": "bdc8fe2a-73a8-477d-9efa-d8a37a4eb0f7",
                "value": "ScenarioRun.Reader"
              },
              {
                "allowed_member_types": [
                  "Application",
                  "User"
                ],
                "description": "Dataset Writer",
                "display_name": "Dataset Writer",
                "enabled": true,
                "id": "c6e5d483-ec2c-4710-bf0c-78b0fda611dc",
                "value": "Dataset.Writer"
              }
            ],
            "application_id": "ae43c408-d847-487b-a4f0-b36c5398015c",
            "application_tenant_id": "e9641c78-d0d6-4d09-af63-168922724e7f",
            "description": "",
            "display_name": "Cosmo Tech Platform Doc For Cat Documentation",
            "feature_tags": [
              {
                "custom_single_sign_on": false,
                "enterprise": true,
                "gallery": false,
                "hide": true
              }
            ],
            "features": [
              {
                "custom_single_sign_on_app": false,
                "enterprise_application": true,
                "gallery_application": false,
                "visible_to_users": false
              }
            ],
            "homepage_url": "https://phoenix-doc.api.cosmo-platform.com",
            "id": "a9e9b14c-a393-4b6a-ab7d-964135b3e7cc",
            "login_url": "",
            "logout_url": "",
            "notes": "",
            "notification_email_addresses": null,
            "oauth2_permission_scope_ids": {
              "platform": "6332363e-bcba-4c4a-a605-c25f23117400"
            },
            "oauth2_permission_scopes": [
              {
                "admin_consent_description": "Allow the application to use the Cosmo Tech Platform with user account",
                "admin_consent_display_name": "Cosmo Tech Platform Impersonate",
                "enabled": true,
                "id": "6332363e-bcba-4c4a-a605-c25f23117400",
                "type": "User",
                "user_consent_description": "Allow the application to use the Cosmo Tech Platform with your account",
                "user_consent_display_name": "Cosmo Tech Platform Usage",
                "value": "platform"
              }
            ],
            "object_id": "a9e9b14c-a393-4b6a-ab7d-964135b3e7cc",
            "owners": null,
            "preferred_single_sign_on_mode": "",
            "redirect_uris": [
              "https://phoenix-doc.api.cosmo-platform.com/swagger-ui/oauth2-redirect.html"
            ],
            "saml_metadata_url": "",
            "saml_single_sign_on": [
              {
                "relay_state": ""
              }
            ],
            "service_principal_names": [],
            "sign_in_audience": "AzureADMultipleOrgs",
            "tags": [
              "Cat",
              "Doc",
              "Documentation",
              "HideApp",
              "WindowsAzureActiveDirectoryIntegratedApp",
              "cosmotech",
              "terraformed"
            ],
            "timeouts": null,
            "type": "Application",
            "use_existing": null
          },
          "sensitive_attributes": [],
          "private": "eyJlMmJmYjczMC1lY2FhLTExZTYtOGY4OC0zNDM2M2JjN2M0YzAiOnsiY3JlYXRlIjo2MDAwMDAwMDAwMDAsImRlbGV0ZSI6MzAwMDAwMDAwMDAwLCJyZWFkIjozMDAwMDAwMDAwMDAsInVwZGF0ZSI6NjAwMDAwMDAwMDAwfX0=",
          "dependencies": [
            "azuread_application.platform",
            "data.azuread_users.owners"
          ]
        }
      ]
    },
    {
      "mode": "managed",
      "type": "azuread_service_principal",
      "name": "powerbi",
      "provider": "provider[\"registry.terraform.io/hashicorp/azuread\"]",
      "instances": [
        {
          "index_key": 0,
          "schema_version": 0,
          "attributes": {
            "account_enabled": true,
            "alternative_names": null,
            "app_role_assignment_required": false,
            "app_role_ids": {},
            "app_roles": [],
            "application_id": "a36bf53a-c9a7-4d8c-bdb0-03364155034f",
            "application_tenant_id": "e9641c78-d0d6-4d09-af63-168922724e7f",
            "description": "",
            "display_name": "Cosmo Tech PowerBI Doc For Cat Documentation",
            "feature_tags": [
              {
                "custom_single_sign_on": false,
                "enterprise": true,
                "gallery": false,
                "hide": true
              }
            ],
            "features": [
              {
                "custom_single_sign_on_app": false,
                "enterprise_application": true,
                "gallery_application": false,
                "visible_to_users": false
              }
            ],
            "homepage_url": "",
            "id": "42e01c0f-21b2-4e6f-8fd0-e116c9f06414",
            "login_url": "",
            "logout_url": "",
            "notes": "",
            "notification_email_addresses": null,
            "oauth2_permission_scope_ids": {},
            "oauth2_permission_scopes": [],
            "object_id": "42e01c0f-21b2-4e6f-8fd0-e116c9f06414",
            "owners": null,
            "preferred_single_sign_on_mode": "",
            "redirect_uris": [],
            "saml_metadata_url": "",
            "saml_single_sign_on": [
              {
                "relay_state": ""
              }
            ],
            "service_principal_names": [],
            "sign_in_audience": "AzureADMyOrg",
            "tags": [
              "Cat",
              "Doc",
              "Documentation",
              "HideApp",
              "WindowsAzureActiveDirectoryIntegratedApp",
              "cosmotech",
              "terraformed"
            ],
            "timeouts": null,
            "type": "Application",
            "use_existing": null
          },
          "sensitive_attributes": [],
          "private": "eyJlMmJmYjczMC1lY2FhLTExZTYtOGY4OC0zNDM2M2JjN2M0YzAiOnsiY3JlYXRlIjo2MDAwMDAwMDAwMDAsImRlbGV0ZSI6MzAwMDAwMDAwMDAwLCJyZWFkIjozMDAwMDAwMDAwMDAsInVwZGF0ZSI6NjAwMDAwMDAwMDAwfX0=",
          "dependencies": [
            "azuread_application.network_adt",
            "azuread_application.platform",
            "azuread_application.powerbi",
            "azuread_application.restish",
            "azuread_application.swagger",
            "azuread_service_principal.network_adt",
            "azuread_service_principal.platform",
            "azuread_service_principal.restish",
            "azuread_service_principal.swagger",
            "data.azuread_users.owners"
          ]
        }
      ]
    },
    {
      "mode": "managed",
      "type": "azuread_service_principal",
      "name": "restish",
      "provider": "provider[\"registry.terraform.io/hashicorp/azuread\"]",
      "instances": [
        {
          "index_key": 0,
          "schema_version": 0,
          "attributes": {
            "account_enabled": true,
            "alternative_names": null,
            "app_role_assignment_required": false,
            "app_role_ids": {},
            "app_roles": [],
            "application_id": "1d79fc9a-1497-4c10-86d5-dbb2b795a0c0",
            "application_tenant_id": "e9641c78-d0d6-4d09-af63-168922724e7f",
            "description": "",
            "display_name": "Cosmo Tech Restish Doc For Cat Documentation",
            "feature_tags": [
              {
                "custom_single_sign_on": false,
                "enterprise": true,
                "gallery": false,
                "hide": true
              }
            ],
            "features": [
              {
                "custom_single_sign_on_app": false,
                "enterprise_application": true,
                "gallery_application": false,
                "visible_to_users": false
              }
            ],
            "homepage_url": "https://phoenix-doc.api.cosmo-platform.com",
            "id": "52aa8954-5718-4be0-9bab-84d907038812",
            "login_url": "",
            "logout_url": "",
            "notes": "",
            "notification_email_addresses": null,
            "oauth2_permission_scope_ids": {},
            "oauth2_permission_scopes": [],
            "object_id": "52aa8954-5718-4be0-9bab-84d907038812",
            "owners": null,
            "preferred_single_sign_on_mode": "",
            "redirect_uris": [
              "http://localhost:8484/"
            ],
            "saml_metadata_url": "",
            "saml_single_sign_on": [
              {
                "relay_state": ""
              }
            ],
            "service_principal_names": [],
            "sign_in_audience": "AzureADMultipleOrgs",
            "tags": [
              "Cat",
              "Doc",
              "Documentation",
              "HideApp",
              "WindowsAzureActiveDirectoryIntegratedApp",
              "cosmotech",
              "terraformed"
            ],
            "timeouts": null,
            "type": "Application",
            "use_existing": null
          },
          "sensitive_attributes": [],
          "private": "eyJlMmJmYjczMC1lY2FhLTExZTYtOGY4OC0zNDM2M2JjN2M0YzAiOnsiY3JlYXRlIjo2MDAwMDAwMDAwMDAsImRlbGV0ZSI6MzAwMDAwMDAwMDAwLCJyZWFkIjozMDAwMDAwMDAwMDAsInVwZGF0ZSI6NjAwMDAwMDAwMDAwfX0=",
          "dependencies": [
            "azuread_application.network_adt",
            "azuread_application.platform",
            "azuread_application.restish",
            "azuread_application.swagger",
            "azuread_service_principal.network_adt",
            "azuread_service_principal.platform",
            "azuread_service_principal.swagger",
            "data.azuread_users.owners"
          ]
        }
      ]
    },
    {
      "mode": "managed",
      "type": "azuread_service_principal",
      "name": "swagger",
      "provider": "provider[\"registry.terraform.io/hashicorp/azuread\"]",
      "instances": [
        {
          "schema_version": 0,
          "attributes": {
            "account_enabled": true,
            "alternative_names": null,
            "app_role_assignment_required": false,
            "app_role_ids": {},
            "app_roles": [],
            "application_id": "87463b83-291c-4951-a38c-c484c6318aa2",
            "application_tenant_id": "e9641c78-d0d6-4d09-af63-168922724e7f",
            "description": "",
            "display_name": "Cosmo Tech Swagger Doc For Cat Documentation",
            "feature_tags": [
              {
                "custom_single_sign_on": false,
                "enterprise": true,
                "gallery": false,
                "hide": true
              }
            ],
            "features": [
              {
                "custom_single_sign_on_app": false,
                "enterprise_application": true,
                "gallery_application": false,
                "visible_to_users": false
              }
            ],
            "homepage_url": "https://phoenix-doc.api.cosmo-platform.com",
            "id": "a37dd041-4be8-4419-bffc-0d0c94096bbf",
            "login_url": "",
            "logout_url": "",
            "notes": "",
            "notification_email_addresses": null,
            "oauth2_permission_scope_ids": {},
            "oauth2_permission_scopes": [],
            "object_id": "a37dd041-4be8-4419-bffc-0d0c94096bbf",
            "owners": null,
            "preferred_single_sign_on_mode": "",
            "redirect_uris": [
              "https://phoenix-doc.api.cosmo-platform.com/swagger-ui/oauth2-redirect.html"
            ],
            "saml_metadata_url": "",
            "saml_single_sign_on": [
              {
                "relay_state": ""
              }
            ],
            "service_principal_names": [],
            "sign_in_audience": "AzureADMultipleOrgs",
            "tags": [
              "Cat",
              "Doc",
              "Documentation",
              "HideApp",
              "WindowsAzureActiveDirectoryIntegratedApp",
              "cosmotech",
              "terraformed"
            ],
            "timeouts": null,
            "type": "Application",
            "use_existing": null
          },
          "sensitive_attributes": [],
          "private": "eyJlMmJmYjczMC1lY2FhLTExZTYtOGY4OC0zNDM2M2JjN2M0YzAiOnsiY3JlYXRlIjo2MDAwMDAwMDAwMDAsImRlbGV0ZSI6MzAwMDAwMDAwMDAwLCJyZWFkIjozMDAwMDAwMDAwMDAsInVwZGF0ZSI6NjAwMDAwMDAwMDAwfX0=",
          "dependencies": [
            "azuread_application.network_adt",
            "azuread_application.platform",
            "azuread_application.swagger",
            "azuread_service_principal.network_adt",
            "azuread_service_principal.platform",
            "data.azuread_users.owners"
          ]
        }
      ]
    },
    {
      "mode": "managed",
      "type": "azuread_service_principal",
      "name": "webapp",
      "provider": "provider[\"registry.terraform.io/hashicorp/azuread\"]",
      "instances": [
        {
          "schema_version": 0,
          "attributes": {
            "account_enabled": true,
            "alternative_names": null,
            "app_role_assignment_required": false,
            "app_role_ids": {},
            "app_roles": [],
            "application_id": "cd0efae6-91af-4935-9c4d-f9a3c6426915",
            "application_tenant_id": "e9641c78-d0d6-4d09-af63-168922724e7f",
            "description": "",
            "display_name": "Cosmo Tech Web App Doc For Cat Documentation",
            "feature_tags": [
              {
                "custom_single_sign_on": false,
                "enterprise": true,
                "gallery": false,
                "hide": true
              }
            ],
            "features": [
              {
                "custom_single_sign_on_app": false,
                "enterprise_application": true,
                "gallery_application": false,
                "visible_to_users": false
              }
            ],
            "homepage_url": "",
            "id": "e16d221b-831a-4e84-a2ac-78b5bee78f26",
            "login_url": "",
            "logout_url": "",
            "notes": "",
            "notification_email_addresses": null,
            "oauth2_permission_scope_ids": {},
            "oauth2_permission_scopes": [],
            "object_id": "e16d221b-831a-4e84-a2ac-78b5bee78f26",
            "owners": null,
            "preferred_single_sign_on_mode": "",
            "redirect_uris": [
              "https://webapp.api.cosmo-platform.com/platform",
              "https://webapp.api.cosmo-platform.com/sign-in",
              "http://localhost:3000/scenario"
            ],
            "saml_metadata_url": "",
            "saml_single_sign_on": [
              {
                "relay_state": ""
              }
            ],
            "service_principal_names": [],
            "sign_in_audience": "AzureADMultipleOrgs",
            "tags": [
              "Cat",
              "Doc",
              "Documentation",
              "HideApp",
              "WindowsAzureActiveDirectoryIntegratedApp",
              "cosmotech",
              "terraformed"
            ],
            "timeouts": null,
            "type": "Application",
            "use_existing": null
          },
          "sensitive_attributes": [],
          "private": "eyJlMmJmYjczMC1lY2FhLTExZTYtOGY4OC0zNDM2M2JjN2M0YzAiOnsiY3JlYXRlIjo2MDAwMDAwMDAwMDAsImRlbGV0ZSI6MzAwMDAwMDAwMDAwLCJyZWFkIjozMDAwMDAwMDAwMDAsInVwZGF0ZSI6NjAwMDAwMDAwMDAwfX0=",
          "dependencies": [
            "azuread_application.network_adt",
            "azuread_application.platform",
            "azuread_application.powerbi",
            "azuread_application.restish",
            "azuread_application.swagger",
            "azuread_application.webapp",
            "azuread_service_principal.network_adt",
            "azuread_service_principal.platform",
            "azuread_service_principal.powerbi",
            "azuread_service_principal.restish",
            "azuread_service_principal.swagger",
            "data.azuread_users.owners"
          ]
        }
      ]
    },
    {
      "mode": "managed",
      "type": "azurerm_dns_a_record",
      "name": "platform_fqdn",
      "provider": "provider[\"registry.terraform.io/hashicorp/azurerm\"]",
      "instances": [
        {
          "index_key": 0,
          "schema_version": 1,
          "attributes": {
            "fqdn": "phoenix-doc.api.cosmo-platform.com.",
            "id": "/subscriptions/6590966e-8102-4a30-a160-37056daa5ba3/resourceGroups/phoenix/providers/Microsoft.Network/dnsZones/api.cosmo-platform.com/A/phoenix-doc",
            "name": "phoenix-doc",
            "records": null,
            "resource_group_name": "phoenix",
            "tags": null,
            "target_resource_id": "/subscriptions/6590966e-8102-4a30-a160-37056daa5ba3/resourceGroups/rg-jfo-phoenix-thecosmocompany-doc-labs/providers/Microsoft.Network/publicIPAddresses/CosmoTechCatDocumentationDocPublicIP",
            "timeouts": null,
            "ttl": 300,
            "zone_name": "api.cosmo-platform.com"
          },
          "sensitive_attributes": [],
          "private": "eyJlMmJmYjczMC1lY2FhLTExZTYtOGY4OC0zNDM2M2JjN2M0YzAiOnsiY3JlYXRlIjoxODAwMDAwMDAwMDAwLCJkZWxldGUiOjE4MDAwMDAwMDAwMDAsInJlYWQiOjMwMDAwMDAwMDAwMCwidXBkYXRlIjoxODAwMDAwMDAwMDAwfSwic2NoZW1hX3ZlcnNpb24iOiIxIn0=",
          "dependencies": [
            "azurerm_public_ip.publicip",
            "azurerm_resource_group.platform_rg"
          ]
        }
      ]
    },
    {
      "mode": "managed",
      "type": "azurerm_public_ip",
      "name": "publicip",
      "provider": "provider[\"registry.terraform.io/hashicorp/azurerm\"]",
      "instances": [
        {
          "index_key": 0,
          "schema_version": 0,
          "attributes": {
            "allocation_method": "Static",
            "ddos_protection_mode": "VirtualNetworkInherited",
            "ddos_protection_plan_id": null,
            "domain_name_label": null,
            "edge_zone": "",
            "fqdn": null,
            "id": "/subscriptions/6590966e-8102-4a30-a160-37056daa5ba3/resourceGroups/rg-jfo-phoenix-thecosmocompany-doc-labs/providers/Microsoft.Network/publicIPAddresses/CosmoTechCatDocumentationDocPublicIP",
            "idle_timeout_in_minutes": 4,
            "ip_address": "40.115.37.56",
            "ip_tags": null,
            "ip_version": "IPv4",
            "location": "westeurope",
            "name": "CosmoTechCatDocumentationDocPublicIP",
            "public_ip_prefix_id": null,
            "resource_group_name": "rg-jfo-phoenix-thecosmocompany-doc-labs",
            "reverse_fqdn": null,
            "sku": "Standard",
            "sku_tier": "Regional",
            "tags": {
              "customer": "Cat",
              "project": "Documentation",
              "stage": "Doc",
              "vendor": "cosmotech"
            },
            "timeouts": null,
            "zones": null
          },
          "sensitive_attributes": [],
          "private": "eyJlMmJmYjczMC1lY2FhLTExZTYtOGY4OC0zNDM2M2JjN2M0YzAiOnsiY3JlYXRlIjoxODAwMDAwMDAwMDAwLCJkZWxldGUiOjE4MDAwMDAwMDAwMDAsInJlYWQiOjMwMDAwMDAwMDAwMCwidXBkYXRlIjoxODAwMDAwMDAwMDAwfX0=",
          "dependencies": [
            "azurerm_resource_group.platform_rg"
          ]
        }
      ]
    },
    {
      "mode": "managed",
      "type": "azurerm_resource_group",
      "name": "platform_rg",
      "provider": "provider[\"registry.terraform.io/hashicorp/azurerm\"]",
      "instances": [
        {
          "schema_version": 0,
          "attributes": {
            "id": "/subscriptions/6590966e-8102-4a30-a160-37056daa5ba3/resourceGroups/rg-jfo-phoenix-thecosmocompany-doc-labs",
            "location": "westeurope",
            "name": "rg-jfo-phoenix-thecosmocompany-doc-labs",
            "tags": {
              "customer": "Cat",
              "project": "Documentation",
              "stage": "Doc",
              "vendor": "cosmotech"
            },
            "timeouts": null
          },
          "sensitive_attributes": [],
          "private": "eyJlMmJmYjczMC1lY2FhLTExZTYtOGY4OC0zNDM2M2JjN2M0YzAiOnsiY3JlYXRlIjo1NDAwMDAwMDAwMDAwLCJkZWxldGUiOjU0MDAwMDAwMDAwMDAsInJlYWQiOjMwMDAwMDAwMDAwMCwidXBkYXRlIjo1NDAwMDAwMDAwMDAwfX0="
        }
      ]
    },
    {
      "mode": "managed",
      "type": "azurerm_role_assignment",
      "name": "publicip_contributor",
      "provider": "provider[\"registry.terraform.io/hashicorp/azurerm\"]",
      "instances": [
        {
          "index_key": 0,
          "schema_version": 0,
          "attributes": {
            "condition": "",
            "condition_version": "",
            "delegated_managed_identity_resource_id": "",
            "description": "",
            "id": "/subscriptions/6590966e-8102-4a30-a160-37056daa5ba3/resourceGroups/rg-jfo-phoenix-thecosmocompany-doc-labs/providers/Microsoft.Authorization/roleAssignments/6c0d8a1f-964e-6536-5af6-e1cfc7fbf617",
            "name": "6c0d8a1f-964e-6536-5af6-e1cfc7fbf617",
            "principal_id": "7192436e-6d00-456d-9af6-0672b3fd31ad",
            "principal_type": "ServicePrincipal",
            "role_definition_id": "/subscriptions/6590966e-8102-4a30-a160-37056daa5ba3/providers/Microsoft.Authorization/roleDefinitions/b24988ac-6180-42a0-ab88-20f7382dd24c",
            "role_definition_name": "Contributor",
            "scope": "/subscriptions/6590966e-8102-4a30-a160-37056daa5ba3/resourceGroups/rg-jfo-phoenix-thecosmocompany-doc-labs",
            "skip_service_principal_aad_check": null,
            "timeouts": null
          },
          "sensitive_attributes": [],
          "private": "eyJlMmJmYjczMC1lY2FhLTExZTYtOGY4OC0zNDM2M2JjN2M0YzAiOnsiY3JlYXRlIjoxODAwMDAwMDAwMDAwLCJkZWxldGUiOjE4MDAwMDAwMDAwMDAsInJlYWQiOjMwMDAwMDAwMDAwMCwidXBkYXRlIjoxODAwMDAwMDAwMDAwfX0=",
          "dependencies": [
            "azuread_application.network_adt",
            "azuread_application.platform",
            "azuread_service_principal.network_adt",
            "azuread_service_principal.platform",
            "azurerm_resource_group.platform_rg",
            "data.azuread_users.owners"
          ]
        }
      ]
    },
    {
      "mode": "managed",
      "type": "azurerm_role_assignment",
      "name": "rg_owner",
      "provider": "provider[\"registry.terraform.io/hashicorp/azurerm\"]",
      "instances": [
        {
          "schema_version": 0,
          "attributes": {
            "condition": "",
            "condition_version": "",
            "delegated_managed_identity_resource_id": "",
            "description": "",
            "id": "/subscriptions/6590966e-8102-4a30-a160-37056daa5ba3/resourceGroups/rg-jfo-phoenix-thecosmocompany-doc-labs/providers/Microsoft.Authorization/roleAssignments/aa287e98-df94-20d6-ecfd-22fe642b9457",
            "name": "aa287e98-df94-20d6-ecfd-22fe642b9457",
            "principal_id": "eac75f70-63a7-4b9b-adf4-bc2f26ef22cd",
            "principal_type": "Group",
            "role_definition_id": "/subscriptions/6590966e-8102-4a30-a160-37056daa5ba3/providers/Microsoft.Authorization/roleDefinitions/8e3af657-a8ff-443c-a75c-2fe8c4bcb635",
            "role_definition_name": "Owner",
            "scope": "/subscriptions/6590966e-8102-4a30-a160-37056daa5ba3/resourceGroups/rg-jfo-phoenix-thecosmocompany-doc-labs",
            "skip_service_principal_aad_check": null,
            "timeouts": null
          },
          "sensitive_attributes": [],
          "private": "eyJlMmJmYjczMC1lY2FhLTExZTYtOGY4OC0zNDM2M2JjN2M0YzAiOnsiY3JlYXRlIjoxODAwMDAwMDAwMDAwLCJkZWxldGUiOjE4MDAwMDAwMDAwMDAsInJlYWQiOjMwMDAwMDAwMDAwMCwidXBkYXRlIjoxODAwMDAwMDAwMDAwfX0=",
          "dependencies": [
            "azuread_group.platform_group",
            "azurerm_resource_group.platform_rg",
            "data.azuread_users.owners"
          ]
        }
      ]
    },
    {
      "mode": "managed",
      "type": "azurerm_role_assignment",
      "name": "vnet_network_contributor",
      "provider": "provider[\"registry.terraform.io/hashicorp/azurerm\"]",
      "instances": [
        {
          "index_key": 0,
          "schema_version": 0,
          "attributes": {
            "condition": "",
            "condition_version": "",
            "delegated_managed_identity_resource_id": "",
            "description": "",
            "id": "/subscriptions/6590966e-8102-4a30-a160-37056daa5ba3/resourceGroups/rg-jfo-phoenix-thecosmocompany-doc-labs/providers/Microsoft.Network/virtualNetworks/CosmoTechCatDocumentationDocVNet/providers/Microsoft.Authorization/roleAssignments/09ec77be-a539-3a30-e251-6059906229b8",
            "name": "09ec77be-a539-3a30-e251-6059906229b8",
            "principal_id": "7192436e-6d00-456d-9af6-0672b3fd31ad",
            "principal_type": "ServicePrincipal",
            "role_definition_id": "/subscriptions/6590966e-8102-4a30-a160-37056daa5ba3/providers/Microsoft.Authorization/roleDefinitions/4d97b98b-1d4f-4787-a291-c67834d212e7",
            "role_definition_name": "Network Contributor",
            "scope": "/subscriptions/6590966e-8102-4a30-a160-37056daa5ba3/resourceGroups/rg-jfo-phoenix-thecosmocompany-doc-labs/providers/Microsoft.Network/virtualNetworks/CosmoTechCatDocumentationDocVNet",
            "skip_service_principal_aad_check": null,
            "timeouts": null
          },
          "sensitive_attributes": [],
          "private": "eyJlMmJmYjczMC1lY2FhLTExZTYtOGY4OC0zNDM2M2JjN2M0YzAiOnsiY3JlYXRlIjoxODAwMDAwMDAwMDAwLCJkZWxldGUiOjE4MDAwMDAwMDAwMDAsInJlYWQiOjMwMDAwMDAwMDAwMCwidXBkYXRlIjoxODAwMDAwMDAwMDAwfX0=",
          "dependencies": [
            "azuread_application.network_adt",
            "azuread_application.platform",
            "azuread_service_principal.network_adt",
            "azuread_service_principal.platform",
            "azurerm_resource_group.platform_rg",
            "azurerm_virtual_network.platform_vnet",
            "data.azuread_users.owners"
          ]
        }
      ]
    },
    {
      "mode": "managed",
      "type": "azurerm_virtual_network",
      "name": "platform_vnet",
      "provider": "provider[\"registry.terraform.io/hashicorp/azurerm\"]",
      "instances": [
        {
          "index_key": 0,
          "schema_version": 0,
          "attributes": {
            "address_space": [
              "10.49.0.0/26"
            ],
            "bgp_community": "",
            "ddos_protection_plan": [],
            "dns_servers": [],
            "edge_zone": "",
            "flow_timeout_in_minutes": 0,
            "guid": "e3f07f93-6b3e-48e4-bf72-85963e96085b",
            "id": "/subscriptions/6590966e-8102-4a30-a160-37056daa5ba3/resourceGroups/rg-jfo-phoenix-thecosmocompany-doc-labs/providers/Microsoft.Network/virtualNetworks/CosmoTechCatDocumentationDocVNet",
            "location": "westeurope",
            "name": "CosmoTechCatDocumentationDocVNet",
            "resource_group_name": "rg-jfo-phoenix-thecosmocompany-doc-labs",
            "subnet": [
              {
                "address_prefix": "10.49.0.0/26",
                "id": "/subscriptions/6590966e-8102-4a30-a160-37056daa5ba3/resourceGroups/rg-jfo-phoenix-thecosmocompany-doc-labs/providers/Microsoft.Network/virtualNetworks/CosmoTechCatDocumentationDocVNet/subnets/default",
                "name": "default",
                "security_group": ""
              }
            ],
            "tags": {
              "customer": "Cat",
              "project": "Documentation",
              "stage": "Doc",
              "vendor": "cosmotech"
            },
            "timeouts": null
          },
          "sensitive_attributes": [],
          "private": "eyJlMmJmYjczMC1lY2FhLTExZTYtOGY4OC0zNDM2M2JjN2M0YzAiOnsiY3JlYXRlIjoxODAwMDAwMDAwMDAwLCJkZWxldGUiOjE4MDAwMDAwMDAwMDAsInJlYWQiOjMwMDAwMDAwMDAwMCwidXBkYXRlIjoxODAwMDAwMDAwMDAwfX0=",
          "dependencies": [
            "azurerm_resource_group.platform_rg"
          ]
        }
      ]
    }
  ],
  "check_results": null
}
